
Microsoft Visual Studio Solution File, Format Version 12.00
# Visual Studio Version 17
VisualStudioVersion = 17.10.0.0
MinimumVisualStudioVersion = 10.0.40219.1
Project("{FAE04EC0-301F-11D3-BF4B-00C04F79EFBC}") = "PollSurveyBuilder.API", "src\PollSurveyBuilder.API\PollSurveyBuilder.API.csproj", "{405F710B-9164-4543-A8D1-A2CD46A87D84}"
EndProject
Project("{FAE04EC0-301F-11D3-BF4B-00C04F79EFBC}") = "PollSurveyBuilder.Application", "src\PollSurveyBuilder.Application\PollSurveyBuilder.Application.csproj", "{6670C4AF-E8D9-4E83-9646-325B1802D1F8}"
EndProject
Project("{FAE04EC0-301F-11D3-BF4B-00C04F79EFBC}") = "PollSurveyBuilder.Domain", "src\PollSurveyBuilder.Domain\PollSurveyBuilder.Domain.csproj", "{7696BD38-187D-488D-AEB1-BDA6B45F7F57}"
EndProject
Project("{FAE04EC0-301F-11D3-BF4B-00C04F79EFBC}") = "PollSurveyBuilder.Infrastructure", "src\PollSurveyBuilder.Infrastructure\PollSurveyBuilder.Infrastructure.csproj", "{44FFD2E6-4D95-410D-99E0-F66110E318EB}"
EndProject
Project("{FAE04EC0-301F-11D3-BF4B-00C04F79EFBC}") = "PollSurveyBuilder.Tests", "src\PollSurveyBuilder.Tests\PollSurveyBuilder.Tests.csproj", "{9AF93BE2-769E-4E99-850A-FD21EA696699}"
EndProject
Global
	GlobalSection(SolutionConfigurationPlatforms) = preSolution
		Debug|Any CPU = Debug|Any CPU
		Release|Any CPU = Release|Any CPU
	EndGlobalSection
	GlobalSection(ProjectConfigurationPlatforms) = postSolution
		{405F710B-9164-4543-A8D1-A2CD46A87D84}.Debug|Any CPU.ActiveCfg = Debug|Any CPU
		{405F710B-9164-4543-A8D1-A2CD46A87D84}.Debug|Any CPU.Build.0 = Debug|Any CPU
		{405F710B-9164-4543-A8D1-A2CD46A87D84}.Release|Any CPU.ActiveCfg = Release|Any CPU
		{405F710B-9164-4543-A8D1-A2CD46A87D84}.Release|Any CPU.Build.0 = Release|Any CPU
		{6670C4AF-E8D9-4E83-9646-325B1802D1F8}.Debug|Any CPU.ActiveCfg = Debug|Any CPU
		{6670C4AF-E8D9-4E83-9646-325B1802D1F8}.Debug|Any CPU.Build.0 = Debug|Any CPU
		{6670C4AF-E8D9-4E83-9646-325B1802D1F8}.Release|Any CPU.ActiveCfg = Release|Any CPU
		{6670C4AF-E8D9-4E83-9646-325B1802D1F8}.Release|Any CPU.Build.0 = Release|Any CPU
		{7696BD38-187D-488D-AEB1-BDA6B45F7F57}.Debug|Any CPU.ActiveCfg = Debug|Any CPU
		{7696BD38-187D-488D-AEB1-BDA6B45F7F57}.Debug|Any CPU.Build.0 = Debug|Any CPU
		{7696BD38-187D-488D-AEB1-BDA6B45F7F57}.Release|Any CPU.ActiveCfg = Release|Any CPU
		{7696BD38-187D-488D-AEB1-BDA6B45F7F57}.Release|Any CPU.Build.0 = Release|Any CPU
		{44FFD2E6-4D95-410D-99E0-F66110E318EB}.Debug|Any CPU.ActiveCfg = Debug|Any CPU
		{44FFD2E6-4D95-410D-99E0-F66110E318EB}.Debug|Any CPU.Build.0 = Debug|Any CPU
		{44FFD2E6-4D95-410D-99E0-F66110E318EB}.Release|Any CPU.ActiveCfg = Release|Any CPU
		{44FFD2E6-4D95-410D-99E0-F66110E318EB}.Release|Any CPU.Build.0 = Release|Any CPU
		{9AF93BE2-769E-4E99-850A-FD21EA696699}.Debug|Any CPU.ActiveCfg = Debug|Any CPU
		{9AF93BE2-769E-4E99-850A-FD21EA696699}.Debug|Any CPU.Build.0 = Debug|Any CPU
		{9AF93BE2-769E-4E99-850A-FD21EA696699}.Release|Any CPU.ActiveCfg = Release|Any CPU
		{9AF93BE2-769E-4E99-850A-FD21EA696699}.Release|Any CPU.Build.0 = Release|Any CPU
	EndGlobalSection
	GlobalSection(SolutionProperties) = preSolution
		HideSolutionNode = FALSE
	EndGlobalSection
EndGlobal
